
Microsoft Visual Studio Solution File, Format Version 10.00
# Visual Studio 2008
Project("{325B8569-0C7C-4A6A-8AF8-89C3B6BC9E74}") = "first_app", "first_app.stproj", "{F8F9C39C-F944-4249-BEBA-CFEB53540532}"
EndProject
Global
	GlobalSection(SolutionConfigurationPlatforms) = preSolution
		Debug|Any CPU = Debug|Any CPU
		Release|Any CPU = Release|Any CPU
	EndGlobalSection
	GlobalSection(ProjectConfigurationPlatforms) = postSolution
		{F8F9C39C-F944-4249-BEBA-CFEB53540532}.Debug|Any CPU.ActiveCfg = Debug|Any CPU
		{F8F9C39C-F944-4249-BEBA-CFEB53540532}.Debug|Any CPU.Build.0 = Debug|Any CPU
		{F8F9C39C-F944-4249-BEBA-CFEB53540532}.Release|Any CPU.ActiveCfg = Release|Any CPU
		{F8F9C39C-F944-4249-BEBA-CFEB53540532}.Release|Any CPU.Build.0 = Release|Any CPU
	EndGlobalSection
	GlobalSection(SolutionProperties) = preSolution
		HideSolutionNode = FALSE
	EndGlobalSection
EndGlobal
